
Microsoft Visual Studio Solution File, Format Version 12.00
# Visual Studio 15
VisualStudioVersion = 15.0.27130.2027
MinimumVisualStudioVersion = 10.0.40219.1
Project("{8BC9CEB8-8B4A-11D0-8D11-00A0C91BC942}") = "RingBuffer", "RingBuffer\RingBuffer.vcxproj", "{3C4A13F0-3634-4B81-9A74-AC338C44F1A8}"
EndProject
Project("{8BC9CEB8-8B4A-11D0-8D11-00A0C91BC942}") = "RingBuffer-Test", "RingBuffer-Test\RingBuffer-Test.vcxproj", "{556CFBF2-7310-456C-8C1D-02F9D498ED9A}"
EndProject
Global
	GlobalSection(SolutionConfigurationPlatforms) = preSolution
		Debug|x64 = Debug|x64
		Debug|x86 = Debug|x86
		Release|x64 = Release|x64
		Release|x86 = Release|x86
	EndGlobalSection
	GlobalSection(ProjectConfigurationPlatforms) = postSolution
		{3C4A13F0-3634-4B81-9A74-AC338C44F1A8}.Debug|x64.ActiveCfg = Debug|x64
		{3C4A13F0-3634-4B81-9A74-AC338C44F1A8}.Debug|x64.Build.0 = Debug|x64
		{3C4A13F0-3634-4B81-9A74-AC338C44F1A8}.Debug|x86.ActiveCfg = Debug|Win32
		{3C4A13F0-3634-4B81-9A74-AC338C44F1A8}.Debug|x86.Build.0 = Debug|Win32
		{3C4A13F0-3634-4B81-9A74-AC338C44F1A8}.Release|x64.ActiveCfg = Release|x64
		{3C4A13F0-3634-4B81-9A74-AC338C44F1A8}.Release|x64.Build.0 = Release|x64
		{3C4A13F0-3634-4B81-9A74-AC338C44F1A8}.Release|x86.ActiveCfg = Release|Win32
		{3C4A13F0-3634-4B81-9A74-AC338C44F1A8}.Release|x86.Build.0 = Release|Win32
		{556CFBF2-7310-456C-8C1D-02F9D498ED9A}.Debug|x64.ActiveCfg = Debug|x64
		{556CFBF2-7310-456C-8C1D-02F9D498ED9A}.Debug|x64.Build.0 = Debug|x64
		{556CFBF2-7310-456C-8C1D-02F9D498ED9A}.Debug|x86.ActiveCfg = Debug|Win32
		{556CFBF2-7310-456C-8C1D-02F9D498ED9A}.Debug|x86.Build.0 = Debug|Win32
		{556CFBF2-7310-456C-8C1D-02F9D498ED9A}.Release|x64.ActiveCfg = Release|x64
		{556CFBF2-7310-456C-8C1D-02F9D498ED9A}.Release|x64.Build.0 = Release|x64
		{556CFBF2-7310-456C-8C1D-02F9D498ED9A}.Release|x86.ActiveCfg = Release|Win32
		{556CFBF2-7310-456C-8C1D-02F9D498ED9A}.Release|x86.Build.0 = Release|Win32
	EndGlobalSection
	GlobalSection(SolutionProperties) = preSolution
		HideSolutionNode = FALSE
	EndGlobalSection
	GlobalSection(ExtensibilityGlobals) = postSolution
		SolutionGuid = {CEC6B667-7987-4C36-AA98-A93238ADF228}
	EndGlobalSection
EndGlobal
