
Microsoft Visual Studio Solution File, Format Version 12.00
# Visual Studio 15
VisualStudioVersion = 15.0.27130.2027
MinimumVisualStudioVersion = 10.0.40219.1
Project("{8BC9CEB8-8B4A-11D0-8D11-00A0C91BC942}") = "MemoryPool-Test", "MemoryPool-Test\MemoryPool-Test.vcxproj", "{F5E81B87-1E53-4AFF-B9C7-13F74FB45B5F}"
EndProject
Project("{8BC9CEB8-8B4A-11D0-8D11-00A0C91BC942}") = "MemoryPool", "MemoryPool\MemoryPool.vcxproj", "{8E5E962E-30F1-4A87-8505-BC0DDD9C37C9}"
EndProject
Global
	GlobalSection(SolutionConfigurationPlatforms) = preSolution
		Debug|x64 = Debug|x64
		Debug|x86 = Debug|x86
		Release|x64 = Release|x64
		Release|x86 = Release|x86
	EndGlobalSection
	GlobalSection(ProjectConfigurationPlatforms) = postSolution
		{F5E81B87-1E53-4AFF-B9C7-13F74FB45B5F}.Debug|x64.ActiveCfg = Debug|x64
		{F5E81B87-1E53-4AFF-B9C7-13F74FB45B5F}.Debug|x64.Build.0 = Debug|x64
		{F5E81B87-1E53-4AFF-B9C7-13F74FB45B5F}.Debug|x86.ActiveCfg = Debug|Win32
		{F5E81B87-1E53-4AFF-B9C7-13F74FB45B5F}.Debug|x86.Build.0 = Debug|Win32
		{F5E81B87-1E53-4AFF-B9C7-13F74FB45B5F}.Release|x64.ActiveCfg = Release|x64
		{F5E81B87-1E53-4AFF-B9C7-13F74FB45B5F}.Release|x64.Build.0 = Release|x64
		{F5E81B87-1E53-4AFF-B9C7-13F74FB45B5F}.Release|x86.ActiveCfg = Release|Win32
		{F5E81B87-1E53-4AFF-B9C7-13F74FB45B5F}.Release|x86.Build.0 = Release|Win32
		{8E5E962E-30F1-4A87-8505-BC0DDD9C37C9}.Debug|x64.ActiveCfg = Debug|x64
		{8E5E962E-30F1-4A87-8505-BC0DDD9C37C9}.Debug|x64.Build.0 = Debug|x64
		{8E5E962E-30F1-4A87-8505-BC0DDD9C37C9}.Debug|x86.ActiveCfg = Debug|Win32
		{8E5E962E-30F1-4A87-8505-BC0DDD9C37C9}.Debug|x86.Build.0 = Debug|Win32
		{8E5E962E-30F1-4A87-8505-BC0DDD9C37C9}.Release|x64.ActiveCfg = Release|x64
		{8E5E962E-30F1-4A87-8505-BC0DDD9C37C9}.Release|x64.Build.0 = Release|x64
		{8E5E962E-30F1-4A87-8505-BC0DDD9C37C9}.Release|x86.ActiveCfg = Release|Win32
		{8E5E962E-30F1-4A87-8505-BC0DDD9C37C9}.Release|x86.Build.0 = Release|Win32
	EndGlobalSection
	GlobalSection(SolutionProperties) = preSolution
		HideSolutionNode = FALSE
	EndGlobalSection
	GlobalSection(ExtensibilityGlobals) = postSolution
		SolutionGuid = {034DF5B9-155E-4B2A-B239-4AB0966191FE}
	EndGlobalSection
EndGlobal
